
Microsoft Visual Studio Solution File, Format Version 12.00
# Visual Studio Version 17
VisualStudioVersion = 17.4.33122.133
MinimumVisualStudioVersion = 10.0.40219.1
Project("{8BC9CEB8-8B4A-11D0-8D11-00A0C91BC942}") = "LAB1", "LAB1\LAB1.vcxproj", "{5809A689-BCF7-4819-AD79-943483036D42}"
EndProject
Project("{8BC9CEB8-8B4A-11D0-8D11-00A0C91BC942}") = "LAB2", "LAB2\LAB2.vcxproj", "{045EB36A-2743-47F9-BA60-D4E5479F1AFC}"
EndProject
Project("{8BC9CEB8-8B4A-11D0-8D11-00A0C91BC942}") = "LAB3", "LAB3\LAB3.vcxproj", "{3DF11ED8-FAB7-4051-A2F8-8550E06E352C}"
EndProject
Project("{8BC9CEB8-8B4A-11D0-8D11-00A0C91BC942}") = "LAB4", "LAB4\LAB4.vcxproj", "{6E005996-F57B-4673-B9BA-BC5609E6CB0D}"
EndProject
Project("{8BC9CEB8-8B4A-11D0-8D11-00A0C91BC942}") = "LAB5", "LAB5\LAB5.vcxproj", "{92B7F61D-E032-4B95-97EF-6AEF1F398DA1}"
EndProject
Project("{8BC9CEB8-8B4A-11D0-8D11-00A0C91BC942}") = "LAB6", "LAB6\LAB6.vcxproj", "{907D8A8B-C594-4E2B-B689-6088BD87CA7E}"
EndProject
Project("{8BC9CEB8-8B4A-11D0-8D11-00A0C91BC942}") = "LAB7", "LAB7\LAB7.vcxproj", "{844417CB-C5C4-41A3-8788-C3E246956208}"
EndProject
Project("{8BC9CEB8-8B4A-11D0-8D11-00A0C91BC942}") = "LAB8", "LAB8\LAB8.vcxproj", "{F4DB2603-41A8-4DA6-8DB2-A0582B1DB881}"
EndProject
Project("{8BC9CEB8-8B4A-11D0-8D11-00A0C91BC942}") = "HW1", "HW1\HW1.vcxproj", "{23467C9B-D939-4D3C-A52B-42173D0AA139}"
EndProject
Global
	GlobalSection(SolutionConfigurationPlatforms) = preSolution
		Debug|x64 = Debug|x64
		Debug|x86 = Debug|x86
		Release|x64 = Release|x64
		Release|x86 = Release|x86
	EndGlobalSection
	GlobalSection(ProjectConfigurationPlatforms) = postSolution
		{5809A689-BCF7-4819-AD79-943483036D42}.Debug|x64.ActiveCfg = Debug|x64
		{5809A689-BCF7-4819-AD79-943483036D42}.Debug|x64.Build.0 = Debug|x64
		{5809A689-BCF7-4819-AD79-943483036D42}.Debug|x86.ActiveCfg = Debug|Win32
		{5809A689-BCF7-4819-AD79-943483036D42}.Debug|x86.Build.0 = Debug|Win32
		{5809A689-BCF7-4819-AD79-943483036D42}.Release|x64.ActiveCfg = Release|x64
		{5809A689-BCF7-4819-AD79-943483036D42}.Release|x64.Build.0 = Release|x64
		{5809A689-BCF7-4819-AD79-943483036D42}.Release|x86.ActiveCfg = Release|Win32
		{5809A689-BCF7-4819-AD79-943483036D42}.Release|x86.Build.0 = Release|Win32
		{045EB36A-2743-47F9-BA60-D4E5479F1AFC}.Debug|x64.ActiveCfg = Debug|x64
		{045EB36A-2743-47F9-BA60-D4E5479F1AFC}.Debug|x64.Build.0 = Debug|x64
		{045EB36A-2743-47F9-BA60-D4E5479F1AFC}.Debug|x86.ActiveCfg = Debug|Win32
		{045EB36A-2743-47F9-BA60-D4E5479F1AFC}.Debug|x86.Build.0 = Debug|Win32
		{045EB36A-2743-47F9-BA60-D4E5479F1AFC}.Release|x64.ActiveCfg = Release|x64
		{045EB36A-2743-47F9-BA60-D4E5479F1AFC}.Release|x64.Build.0 = Release|x64
		{045EB36A-2743-47F9-BA60-D4E5479F1AFC}.Release|x86.ActiveCfg = Release|Win32
		{045EB36A-2743-47F9-BA60-D4E5479F1AFC}.Release|x86.Build.0 = Release|Win32
		{3DF11ED8-FAB7-4051-A2F8-8550E06E352C}.Debug|x64.ActiveCfg = Debug|x64
		{3DF11ED8-FAB7-4051-A2F8-8550E06E352C}.Debug|x64.Build.0 = Debug|x64
		{3DF11ED8-FAB7-4051-A2F8-8550E06E352C}.Debug|x86.ActiveCfg = Debug|Win32
		{3DF11ED8-FAB7-4051-A2F8-8550E06E352C}.Debug|x86.Build.0 = Debug|Win32
		{3DF11ED8-FAB7-4051-A2F8-8550E06E352C}.Release|x64.ActiveCfg = Release|x64
		{3DF11ED8-FAB7-4051-A2F8-8550E06E352C}.Release|x64.Build.0 = Release|x64
		{3DF11ED8-FAB7-4051-A2F8-8550E06E352C}.Release|x86.ActiveCfg = Release|Win32
		{3DF11ED8-FAB7-4051-A2F8-8550E06E352C}.Release|x86.Build.0 = Release|Win32
		{6E005996-F57B-4673-B9BA-BC5609E6CB0D}.Debug|x64.ActiveCfg = Debug|x64
		{6E005996-F57B-4673-B9BA-BC5609E6CB0D}.Debug|x64.Build.0 = Debug|x64
		{6E005996-F57B-4673-B9BA-BC5609E6CB0D}.Debug|x86.ActiveCfg = Debug|Win32
		{6E005996-F57B-4673-B9BA-BC5609E6CB0D}.Debug|x86.Build.0 = Debug|Win32
		{6E005996-F57B-4673-B9BA-BC5609E6CB0D}.Release|x64.ActiveCfg = Release|x64
		{6E005996-F57B-4673-B9BA-BC5609E6CB0D}.Release|x64.Build.0 = Release|x64
		{6E005996-F57B-4673-B9BA-BC5609E6CB0D}.Release|x86.ActiveCfg = Release|Win32
		{6E005996-F57B-4673-B9BA-BC5609E6CB0D}.Release|x86.Build.0 = Release|Win32
		{92B7F61D-E032-4B95-97EF-6AEF1F398DA1}.Debug|x64.ActiveCfg = Debug|x64
		{92B7F61D-E032-4B95-97EF-6AEF1F398DA1}.Debug|x64.Build.0 = Debug|x64
		{92B7F61D-E032-4B95-97EF-6AEF1F398DA1}.Debug|x86.ActiveCfg = Debug|Win32
		{92B7F61D-E032-4B95-97EF-6AEF1F398DA1}.Debug|x86.Build.0 = Debug|Win32
		{92B7F61D-E032-4B95-97EF-6AEF1F398DA1}.Release|x64.ActiveCfg = Release|x64
		{92B7F61D-E032-4B95-97EF-6AEF1F398DA1}.Release|x64.Build.0 = Release|x64
		{92B7F61D-E032-4B95-97EF-6AEF1F398DA1}.Release|x86.ActiveCfg = Release|Win32
		{92B7F61D-E032-4B95-97EF-6AEF1F398DA1}.Release|x86.Build.0 = Release|Win32
		{907D8A8B-C594-4E2B-B689-6088BD87CA7E}.Debug|x64.ActiveCfg = Debug|x64
		{907D8A8B-C594-4E2B-B689-6088BD87CA7E}.Debug|x64.Build.0 = Debug|x64
		{907D8A8B-C594-4E2B-B689-6088BD87CA7E}.Debug|x86.ActiveCfg = Debug|Win32
		{907D8A8B-C594-4E2B-B689-6088BD87CA7E}.Debug|x86.Build.0 = Debug|Win32
		{907D8A8B-C594-4E2B-B689-6088BD87CA7E}.Release|x64.ActiveCfg = Release|x64
		{907D8A8B-C594-4E2B-B689-6088BD87CA7E}.Release|x64.Build.0 = Release|x64
		{907D8A8B-C594-4E2B-B689-6088BD87CA7E}.Release|x86.ActiveCfg = Release|Win32
		{907D8A8B-C594-4E2B-B689-6088BD87CA7E}.Release|x86.Build.0 = Release|Win32
		{844417CB-C5C4-41A3-8788-C3E246956208}.Debug|x64.ActiveCfg = Debug|x64
		{844417CB-C5C4-41A3-8788-C3E246956208}.Debug|x64.Build.0 = Debug|x64
		{844417CB-C5C4-41A3-8788-C3E246956208}.Debug|x86.ActiveCfg = Debug|Win32
		{844417CB-C5C4-41A3-8788-C3E246956208}.Debug|x86.Build.0 = Debug|Win32
		{844417CB-C5C4-41A3-8788-C3E246956208}.Release|x64.ActiveCfg = Release|x64
		{844417CB-C5C4-41A3-8788-C3E246956208}.Release|x64.Build.0 = Release|x64
		{844417CB-C5C4-41A3-8788-C3E246956208}.Release|x86.ActiveCfg = Release|Win32
		{844417CB-C5C4-41A3-8788-C3E246956208}.Release|x86.Build.0 = Release|Win32
		{F4DB2603-41A8-4DA6-8DB2-A0582B1DB881}.Debug|x64.ActiveCfg = Debug|x64
		{F4DB2603-41A8-4DA6-8DB2-A0582B1DB881}.Debug|x64.Build.0 = Debug|x64
		{F4DB2603-41A8-4DA6-8DB2-A0582B1DB881}.Debug|x86.ActiveCfg = Debug|Win32
		{F4DB2603-41A8-4DA6-8DB2-A0582B1DB881}.Debug|x86.Build.0 = Debug|Win32
		{F4DB2603-41A8-4DA6-8DB2-A0582B1DB881}.Release|x64.ActiveCfg = Release|x64
		{F4DB2603-41A8-4DA6-8DB2-A0582B1DB881}.Release|x64.Build.0 = Release|x64
		{F4DB2603-41A8-4DA6-8DB2-A0582B1DB881}.Release|x86.ActiveCfg = Release|Win32
		{F4DB2603-41A8-4DA6-8DB2-A0582B1DB881}.Release|x86.Build.0 = Release|Win32
		{23467C9B-D939-4D3C-A52B-42173D0AA139}.Debug|x64.ActiveCfg = Debug|x64
		{23467C9B-D939-4D3C-A52B-42173D0AA139}.Debug|x64.Build.0 = Debug|x64
		{23467C9B-D939-4D3C-A52B-42173D0AA139}.Debug|x86.ActiveCfg = Debug|Win32
		{23467C9B-D939-4D3C-A52B-42173D0AA139}.Debug|x86.Build.0 = Debug|Win32
		{23467C9B-D939-4D3C-A52B-42173D0AA139}.Release|x64.ActiveCfg = Release|x64
		{23467C9B-D939-4D3C-A52B-42173D0AA139}.Release|x64.Build.0 = Release|x64
		{23467C9B-D939-4D3C-A52B-42173D0AA139}.Release|x86.ActiveCfg = Release|Win32
		{23467C9B-D939-4D3C-A52B-42173D0AA139}.Release|x86.Build.0 = Release|Win32
	EndGlobalSection
	GlobalSection(SolutionProperties) = preSolution
		HideSolutionNode = FALSE
	EndGlobalSection
	GlobalSection(ExtensibilityGlobals) = postSolution
		SolutionGuid = {EA9D4454-2318-4A06-8FC6-752629D50810}
	EndGlobalSection
EndGlobal
