
Microsoft Visual Studio Solution File, Format Version 12.00
# Visual Studio Version 17
VisualStudioVersion = 17.4.33122.133
MinimumVisualStudioVersion = 10.0.40219.1
Project("{8BC9CEB8-8B4A-11D0-8D11-00A0C91BC942}") = "LAB1", "LAB1\LAB1.vcxproj", "{CC9CAD1D-FAB4-4164-8B12-A1D154A889E5}"
EndProject
Project("{8BC9CEB8-8B4A-11D0-8D11-00A0C91BC942}") = "LAB2", "LAB2\LAB2.vcxproj", "{F9E33A95-0548-4CEF-BD66-F83F0674F8A2}"
EndProject
Project("{8BC9CEB8-8B4A-11D0-8D11-00A0C91BC942}") = "LAB3", "LAB3\LAB3.vcxproj", "{5BAD719A-687F-4D43-9E80-89262C000172}"
EndProject
Project("{8BC9CEB8-8B4A-11D0-8D11-00A0C91BC942}") = "LAB4", "LAB4\LAB4.vcxproj", "{A0E9BF8E-8C09-4D6E-9612-2ED2F1256890}"
EndProject
Project("{8BC9CEB8-8B4A-11D0-8D11-00A0C91BC942}") = "LAB5", "LAB5\LAB5.vcxproj", "{555B2B6A-DA00-4AA8-AC15-5CF7DF585134}"
EndProject
Project("{8BC9CEB8-8B4A-11D0-8D11-00A0C91BC942}") = "LAB6", "LAB6\LAB6.vcxproj", "{E417204F-181B-45E6-9EB4-542FDD658FBF}"
EndProject
Project("{8BC9CEB8-8B4A-11D0-8D11-00A0C91BC942}") = "LAB7", "LAB7\LAB7.vcxproj", "{0EFA16B9-4E9B-4726-B467-FBB944C71217}"
EndProject
Global
	GlobalSection(SolutionConfigurationPlatforms) = preSolution
		Debug|x64 = Debug|x64
		Debug|x86 = Debug|x86
		Release|x64 = Release|x64
		Release|x86 = Release|x86
	EndGlobalSection
	GlobalSection(ProjectConfigurationPlatforms) = postSolution
		{CC9CAD1D-FAB4-4164-8B12-A1D154A889E5}.Debug|x64.ActiveCfg = Debug|x64
		{CC9CAD1D-FAB4-4164-8B12-A1D154A889E5}.Debug|x64.Build.0 = Debug|x64
		{CC9CAD1D-FAB4-4164-8B12-A1D154A889E5}.Debug|x86.ActiveCfg = Debug|Win32
		{CC9CAD1D-FAB4-4164-8B12-A1D154A889E5}.Debug|x86.Build.0 = Debug|Win32
		{CC9CAD1D-FAB4-4164-8B12-A1D154A889E5}.Release|x64.ActiveCfg = Release|x64
		{CC9CAD1D-FAB4-4164-8B12-A1D154A889E5}.Release|x64.Build.0 = Release|x64
		{CC9CAD1D-FAB4-4164-8B12-A1D154A889E5}.Release|x86.ActiveCfg = Release|Win32
		{CC9CAD1D-FAB4-4164-8B12-A1D154A889E5}.Release|x86.Build.0 = Release|Win32
		{F9E33A95-0548-4CEF-BD66-F83F0674F8A2}.Debug|x64.ActiveCfg = Debug|x64
		{F9E33A95-0548-4CEF-BD66-F83F0674F8A2}.Debug|x64.Build.0 = Debug|x64
		{F9E33A95-0548-4CEF-BD66-F83F0674F8A2}.Debug|x86.ActiveCfg = Debug|Win32
		{F9E33A95-0548-4CEF-BD66-F83F0674F8A2}.Debug|x86.Build.0 = Debug|Win32
		{F9E33A95-0548-4CEF-BD66-F83F0674F8A2}.Release|x64.ActiveCfg = Release|x64
		{F9E33A95-0548-4CEF-BD66-F83F0674F8A2}.Release|x64.Build.0 = Release|x64
		{F9E33A95-0548-4CEF-BD66-F83F0674F8A2}.Release|x86.ActiveCfg = Release|Win32
		{F9E33A95-0548-4CEF-BD66-F83F0674F8A2}.Release|x86.Build.0 = Release|Win32
		{5BAD719A-687F-4D43-9E80-89262C000172}.Debug|x64.ActiveCfg = Debug|x64
		{5BAD719A-687F-4D43-9E80-89262C000172}.Debug|x64.Build.0 = Debug|x64
		{5BAD719A-687F-4D43-9E80-89262C000172}.Debug|x86.ActiveCfg = Debug|Win32
		{5BAD719A-687F-4D43-9E80-89262C000172}.Debug|x86.Build.0 = Debug|Win32
		{5BAD719A-687F-4D43-9E80-89262C000172}.Release|x64.ActiveCfg = Release|x64
		{5BAD719A-687F-4D43-9E80-89262C000172}.Release|x64.Build.0 = Release|x64
		{5BAD719A-687F-4D43-9E80-89262C000172}.Release|x86.ActiveCfg = Release|Win32
		{5BAD719A-687F-4D43-9E80-89262C000172}.Release|x86.Build.0 = Release|Win32
		{A0E9BF8E-8C09-4D6E-9612-2ED2F1256890}.Debug|x64.ActiveCfg = Debug|x64
		{A0E9BF8E-8C09-4D6E-9612-2ED2F1256890}.Debug|x64.Build.0 = Debug|x64
		{A0E9BF8E-8C09-4D6E-9612-2ED2F1256890}.Debug|x86.ActiveCfg = Debug|Win32
		{A0E9BF8E-8C09-4D6E-9612-2ED2F1256890}.Debug|x86.Build.0 = Debug|Win32
		{A0E9BF8E-8C09-4D6E-9612-2ED2F1256890}.Release|x64.ActiveCfg = Release|x64
		{A0E9BF8E-8C09-4D6E-9612-2ED2F1256890}.Release|x64.Build.0 = Release|x64
		{A0E9BF8E-8C09-4D6E-9612-2ED2F1256890}.Release|x86.ActiveCfg = Release|Win32
		{A0E9BF8E-8C09-4D6E-9612-2ED2F1256890}.Release|x86.Build.0 = Release|Win32
		{555B2B6A-DA00-4AA8-AC15-5CF7DF585134}.Debug|x64.ActiveCfg = Debug|x64
		{555B2B6A-DA00-4AA8-AC15-5CF7DF585134}.Debug|x64.Build.0 = Debug|x64
		{555B2B6A-DA00-4AA8-AC15-5CF7DF585134}.Debug|x86.ActiveCfg = Debug|Win32
		{555B2B6A-DA00-4AA8-AC15-5CF7DF585134}.Debug|x86.Build.0 = Debug|Win32
		{555B2B6A-DA00-4AA8-AC15-5CF7DF585134}.Release|x64.ActiveCfg = Release|x64
		{555B2B6A-DA00-4AA8-AC15-5CF7DF585134}.Release|x64.Build.0 = Release|x64
		{555B2B6A-DA00-4AA8-AC15-5CF7DF585134}.Release|x86.ActiveCfg = Release|Win32
		{555B2B6A-DA00-4AA8-AC15-5CF7DF585134}.Release|x86.Build.0 = Release|Win32
		{E417204F-181B-45E6-9EB4-542FDD658FBF}.Debug|x64.ActiveCfg = Debug|x64
		{E417204F-181B-45E6-9EB4-542FDD658FBF}.Debug|x64.Build.0 = Debug|x64
		{E417204F-181B-45E6-9EB4-542FDD658FBF}.Debug|x86.ActiveCfg = Debug|Win32
		{E417204F-181B-45E6-9EB4-542FDD658FBF}.Debug|x86.Build.0 = Debug|Win32
		{E417204F-181B-45E6-9EB4-542FDD658FBF}.Release|x64.ActiveCfg = Release|x64
		{E417204F-181B-45E6-9EB4-542FDD658FBF}.Release|x64.Build.0 = Release|x64
		{E417204F-181B-45E6-9EB4-542FDD658FBF}.Release|x86.ActiveCfg = Release|Win32
		{E417204F-181B-45E6-9EB4-542FDD658FBF}.Release|x86.Build.0 = Release|Win32
		{0EFA16B9-4E9B-4726-B467-FBB944C71217}.Debug|x64.ActiveCfg = Debug|x64
		{0EFA16B9-4E9B-4726-B467-FBB944C71217}.Debug|x64.Build.0 = Debug|x64
		{0EFA16B9-4E9B-4726-B467-FBB944C71217}.Debug|x86.ActiveCfg = Debug|Win32
		{0EFA16B9-4E9B-4726-B467-FBB944C71217}.Debug|x86.Build.0 = Debug|Win32
		{0EFA16B9-4E9B-4726-B467-FBB944C71217}.Release|x64.ActiveCfg = Release|x64
		{0EFA16B9-4E9B-4726-B467-FBB944C71217}.Release|x64.Build.0 = Release|x64
		{0EFA16B9-4E9B-4726-B467-FBB944C71217}.Release|x86.ActiveCfg = Release|Win32
		{0EFA16B9-4E9B-4726-B467-FBB944C71217}.Release|x86.Build.0 = Release|Win32
	EndGlobalSection
	GlobalSection(SolutionProperties) = preSolution
		HideSolutionNode = FALSE
	EndGlobalSection
	GlobalSection(ExtensibilityGlobals) = postSolution
		SolutionGuid = {B0A0E4A5-AF17-41EE-A52B-BB226359C56F}
	EndGlobalSection
EndGlobal
